
Microsoft Visual Studio Solution File, Format Version 12.00
# Visual Studio Version 16
VisualStudioVersion = 16.0.31729.503
MinimumVisualStudioVersion = 10.0.40219.1
Project("{FAE04EC0-301F-11D3-BF4B-00C04F79EFBC}") = "ConsoleClassePessoa", "ConsoleClassePessoa\ConsoleClassePessoa.csproj", "{FCD98EEA-A2A1-4471-A719-CE7E634F4332}"
EndProject
Global
	GlobalSection(SolutionConfigurationPlatforms) = preSolution
		Debug|Any CPU = Debug|Any CPU
		Release|Any CPU = Release|Any CPU
	EndGlobalSection
	GlobalSection(ProjectConfigurationPlatforms) = postSolution
		{FCD98EEA-A2A1-4471-A719-CE7E634F4332}.Debug|Any CPU.ActiveCfg = Debug|Any CPU
		{FCD98EEA-A2A1-4471-A719-CE7E634F4332}.Debug|Any CPU.Build.0 = Debug|Any CPU
		{FCD98EEA-A2A1-4471-A719-CE7E634F4332}.Release|Any CPU.ActiveCfg = Release|Any CPU
		{FCD98EEA-A2A1-4471-A719-CE7E634F4332}.Release|Any CPU.Build.0 = Release|Any CPU
	EndGlobalSection
	GlobalSection(SolutionProperties) = preSolution
		HideSolutionNode = FALSE
	EndGlobalSection
	GlobalSection(ExtensibilityGlobals) = postSolution
		SolutionGuid = {87D271DB-FA51-43C9-AC9E-E556F1C27B67}
	EndGlobalSection
EndGlobal
